
Microsoft Visual Studio Solution File, Format Version 12.00
# Visual Studio Version 17
VisualStudioVersion = 17.0.31903.59
MinimumVisualStudioVersion = 10.0.40219.1
Project("{FAE04EC0-301F-11D3-BF4B-00C04F79EFBC}") = "Sorting", "Sorting\Sorting.csproj", "{3F4D1B88-1EF7-49B4-A41B-73D5E8AD386B}"
EndProject
Project("{FAE04EC0-301F-11D3-BF4B-00C04F79EFBC}") = "Recursion", "Recursion\Recursion.csproj", "{17693864-2422-49DB-BA79-E7A539091202}"
EndProject
Project("{FAE04EC0-301F-11D3-BF4B-00C04F79EFBC}") = "Trees", "Trees\Trees.csproj", "{5C33D7CC-D089-4A1D-A151-7191E76BDAB6}"
EndProject
Project("{FAE04EC0-301F-11D3-BF4B-00C04F79EFBC}") = "Graph", "Graph\Graph.csproj", "{B83862C6-9DB5-441B-92D2-F829D7F5F922}"
EndProject
Project("{FAE04EC0-301F-11D3-BF4B-00C04F79EFBC}") = "DP", "DP\DP.csproj", "{CAB8CC20-36A1-4E65-81DC-8F8D615E5470}"
EndProject
Global
	GlobalSection(SolutionConfigurationPlatforms) = preSolution
		Debug|Any CPU = Debug|Any CPU
		Release|Any CPU = Release|Any CPU
	EndGlobalSection
	GlobalSection(ProjectConfigurationPlatforms) = postSolution
		{3F4D1B88-1EF7-49B4-A41B-73D5E8AD386B}.Debug|Any CPU.ActiveCfg = Debug|Any CPU
		{3F4D1B88-1EF7-49B4-A41B-73D5E8AD386B}.Debug|Any CPU.Build.0 = Debug|Any CPU
		{3F4D1B88-1EF7-49B4-A41B-73D5E8AD386B}.Release|Any CPU.ActiveCfg = Release|Any CPU
		{3F4D1B88-1EF7-49B4-A41B-73D5E8AD386B}.Release|Any CPU.Build.0 = Release|Any CPU
		{17693864-2422-49DB-BA79-E7A539091202}.Debug|Any CPU.ActiveCfg = Debug|Any CPU
		{17693864-2422-49DB-BA79-E7A539091202}.Debug|Any CPU.Build.0 = Debug|Any CPU
		{17693864-2422-49DB-BA79-E7A539091202}.Release|Any CPU.ActiveCfg = Release|Any CPU
		{17693864-2422-49DB-BA79-E7A539091202}.Release|Any CPU.Build.0 = Release|Any CPU
		{5C33D7CC-D089-4A1D-A151-7191E76BDAB6}.Debug|Any CPU.ActiveCfg = Debug|Any CPU
		{5C33D7CC-D089-4A1D-A151-7191E76BDAB6}.Debug|Any CPU.Build.0 = Debug|Any CPU
		{5C33D7CC-D089-4A1D-A151-7191E76BDAB6}.Release|Any CPU.ActiveCfg = Release|Any CPU
		{5C33D7CC-D089-4A1D-A151-7191E76BDAB6}.Release|Any CPU.Build.0 = Release|Any CPU
		{B83862C6-9DB5-441B-92D2-F829D7F5F922}.Debug|Any CPU.ActiveCfg = Debug|Any CPU
		{B83862C6-9DB5-441B-92D2-F829D7F5F922}.Debug|Any CPU.Build.0 = Debug|Any CPU
		{B83862C6-9DB5-441B-92D2-F829D7F5F922}.Release|Any CPU.ActiveCfg = Release|Any CPU
		{B83862C6-9DB5-441B-92D2-F829D7F5F922}.Release|Any CPU.Build.0 = Release|Any CPU
		{CAB8CC20-36A1-4E65-81DC-8F8D615E5470}.Debug|Any CPU.ActiveCfg = Debug|Any CPU
		{CAB8CC20-36A1-4E65-81DC-8F8D615E5470}.Debug|Any CPU.Build.0 = Debug|Any CPU
		{CAB8CC20-36A1-4E65-81DC-8F8D615E5470}.Release|Any CPU.ActiveCfg = Release|Any CPU
		{CAB8CC20-36A1-4E65-81DC-8F8D615E5470}.Release|Any CPU.Build.0 = Release|Any CPU
	EndGlobalSection
	GlobalSection(SolutionProperties) = preSolution
		HideSolutionNode = FALSE
	EndGlobalSection
EndGlobal
